{
  "version": 4,
  "terraform_version": "1.3.9",
  "serial": 10,
  "lineage": "1a1bffce-0135-24ec-844e-026dbc15369e",
  "outputs": {},
  "resources": [
    {
      "mode": "managed",
      "type": "cdo_sdc",
      "name": "cdo-sdc-vmware",
      "provider": "provider[\"registry.terraform.io/ciscodevnet/cdo\"]",
      "instances": [
        {
          "schema_version": 0,
          "attributes": {
            "bootstrap_data": "Q0RPX1RPS0VOPSJleUpoYkdjaU9pSlNVekkxTmlJc0luUjVjQ0k2SWtwWFZDSjkuZXlKMlpYSWlPaUl3SWl3aWMyTnZjR1VpT2xzaWRISjFjM1FpTENKeVpXRmtJaXdpZDNKcGRHVWlMQ0prTmpaaE1ERTJPUzFqTnpabExUUTVaREl0WVRFME15MHpZV05sWkRBNFlqVXpNREVpWFN3aWNtOXNaWE1pT2xzaVVrOU1SVjlUVlZCRlVsOUJSRTFKVGlKZExDSmhiWElpT201MWJHd3NJbWx6Y3lJNkltbDBaQ0lzSW1Oc2RYTjBaWEpKWkNJNklqRWlMQ0pwWkNJNklqY3pNalppTXpRMkxXSTNZbU10TkRNeU1DMDRNemd4TFRGbU5EUXhOekppWlRjeVpTSXNJbk4xWW1wbFkzUlVlWEJsSWpvaWRYTmxjaUlzSW1wMGFTSTZJalJqTkRFNU9XVmpMVEZpTVRFdE5EaGlOaTFoTldReExUQTNOek01Tm1NNFpXSTBNQ0lzSW5CaGNtVnVkRWxrSWpvaVpEWTJZVEF4TmprdFl6YzJaUzAwT1dReUxXRXhORE10TTJGalpXUXdPR0kxTXpBeElpd2lZMnhwWlc1MFgybGtJam9pWVhCcExXTnNhV1Z1ZENKOS5KZ3NJT2VXOGpYTEhpREl4dm5CS3JiclpxQlZHQzZkWmY3VGJZeU9YXzYxck05S3h0eng3U2ZtTUNBaTJSLXRBOE45NDdaalBzaXE5VVNkSUlDTHpHaVV5aEI0dllFeW92LUdrS3E4dFVYNFN4Y2gxOVhEZTd4MUJOTmVReWRWSGR4MEltem1LUkRfSHpvZHVuUHJMQU1Rb0ctN3JYS1NvcHFfcGE2NGRNLS1NZHNxTHA0NkJnUC1EOFgxUDBwUXY5ZzZ3LUZ4aVBEaFNXVmpiU0JSSHlKc0habEROY0tfZ0JlVXFZUlR2MGJISU51UHJhR0lTS1VTMVgteWU1Q3RzX3lmZTZRd3lSTG1IMlN0YTdDeVRPQ3FSXzVUWHY3eW1nVlh6a3BvM1JrQUZHZnhZc212ZVpoV0phNFF5LUdQQjZ5YTRrZ0Z5LVpmOG52NER6UVBFM2ciCkNET19ET01BSU49Ind3dy5kZWZlbnNlb3JjaGVzdHJhdG9yLmV1IgpDRE9fVEVOQU5UPSJsb2NraGFydC1vcHMiCkNET19CT09UU1RSQVBfVVJMPSJodHRwczovL3d3dy5kZWZlbnNlb3JjaGVzdHJhdG9yLmV1L3NkYy9ib290c3RyYXAvbG9ja2hhcnQtb3BzL3NkYy1pbi12c3BoZXJlIgo=",
            "id": "63799278-8f47-4530-bdab-e685c003b304",
            "name": "sdc-in-vsphere"
          },
          "sensitive_attributes": []
        }
      ]
    },
    {
      "module": "module.vsphere-cdo-sdc",
      "mode": "data",
      "type": "vsphere_datacenter",
      "name": "datacenter",
      "provider": "provider[\"registry.terraform.io/hashicorp/vsphere\"]",
      "instances": [
        {
          "schema_version": 0,
          "attributes": {
            "id": "datacenter-2",
            "name": "pcloud-datacenter"
          },
          "sensitive_attributes": []
        }
      ]
    },
    {
      "module": "module.vsphere-cdo-sdc",
      "mode": "data",
      "type": "vsphere_datastore",
      "name": "datastore",
      "provider": "provider[\"registry.terraform.io/hashicorp/vsphere\"]",
      "instances": [
        {
          "schema_version": 0,
          "attributes": {
            "datacenter_id": "datacenter-2",
            "id": "datastore-1095",
            "name": "n73c01nas004-lun0"
          },
          "sensitive_attributes": []
        }
      ]
    },
    {
      "module": "module.vsphere-cdo-sdc",
      "mode": "data",
      "type": "vsphere_host",
      "name": "host",
      "provider": "provider[\"registry.terraform.io/hashicorp/vsphere\"]",
      "instances": [
        {
          "schema_version": 0,
          "attributes": {
            "datacenter_id": "datacenter-2",
            "id": "host-1607",
            "name": "u73c01p05esx01.cisco.com",
            "resource_pool_id": "resgroup-8"
          },
          "sensitive_attributes": []
        }
      ]
    },
    {
      "module": "module.vsphere-cdo-sdc",
      "mode": "data",
      "type": "vsphere_network",
      "name": "network",
      "provider": "provider[\"registry.terraform.io/hashicorp/vsphere\"]",
      "instances": [
        {
          "schema_version": 0,
          "attributes": {
            "datacenter_id": "datacenter-2",
            "distributed_virtual_switch_uuid": null,
            "id": "dvportgroup-68",
            "name": "u73c01p05-1547",
            "type": "DistributedVirtualPortgroup"
          },
          "sensitive_attributes": []
        }
      ]
    },
    {
      "module": "module.vsphere-cdo-sdc",
      "mode": "data",
      "type": "vsphere_resource_pool",
      "name": "resource_pool",
      "provider": "provider[\"registry.terraform.io/hashicorp/vsphere\"]",
      "instances": [
        {
          "schema_version": 0,
          "attributes": {
            "datacenter_id": "datacenter-2",
            "id": "resgroup-7385",
            "name": "virtual-machines"
          },
          "sensitive_attributes": []
        }
      ]
    },
    {
      "module": "module.vsphere-cdo-sdc",
      "mode": "managed",
      "type": "vsphere_content_library",
      "name": "sdc_content_library",
      "provider": "provider[\"registry.terraform.io/hashicorp/vsphere\"]",
      "instances": [
        {
          "index_key": 0,
          "schema_version": 0,
          "attributes": {
            "description": "Content library to hold SDC OVAs for CDO tenant lockhart-ops",
            "id": "9a1ee5bf-069f-4609-a6be-4e161df126cc",
            "name": "lockhart-ops-content-library",
            "publication": [
              {
                "authentication_method": "NONE",
                "password": "",
                "publish_url": "",
                "published": false,
                "username": ""
              }
            ],
            "storage_backing": [
              "datastore-1095"
            ],
            "subscription": []
          },
          "sensitive_attributes": [],
          "private": "bnVsbA==",
          "dependencies": [
            "module.vsphere-cdo-sdc.data.vsphere_datastore.datastore"
          ]
        }
      ]
    },
    {
      "module": "module.vsphere-cdo-sdc",
      "mode": "managed",
      "type": "vsphere_content_library_item",
      "name": "sdc_template",
      "provider": "provider[\"registry.terraform.io/hashicorp/vsphere\"]",
      "instances": [
        {
          "index_key": 0,
          "schema_version": 1,
          "attributes": {
            "description": "CDO SDC (autoprovisioning enabled)",
            "file_url": "https://s3.us-east-2.amazonaws.com/dl.sdc.us-east-2.labs.cdo.cisco.com/CDO-SDC-AUTOPROVISIONED-VM-DEVELOPMENT.ova",
            "id": "7dbb0756-24ba-40fb-a7b2-571bb4d81f3f",
            "library_id": "9a1ee5bf-069f-4609-a6be-4e161df126cc",
            "name": "cdo-sdc",
            "source_uuid": null,
            "type": "ovf"
          },
          "sensitive_attributes": [],
          "private": "eyJzY2hlbWFfdmVyc2lvbiI6IjEifQ==",
          "dependencies": [
            "module.vsphere-cdo-sdc.data.vsphere_datastore.datastore",
            "module.vsphere-cdo-sdc.vsphere_content_library.sdc_content_library"
          ]
        }
      ]
    },
    {
      "module": "module.vsphere-cdo-sdc",
      "mode": "managed",
      "type": "vsphere_folder",
      "name": "sdc_folder",
      "provider": "provider[\"registry.terraform.io/hashicorp/vsphere\"]",
      "instances": [
        {
          "schema_version": 1,
          "attributes": {
            "custom_attributes": null,
            "datacenter_id": "datacenter-2",
            "id": "group-v14414",
            "path": "cdo-tenant-lockhart-ops",
            "tags": null,
            "type": "vm"
          },
          "sensitive_attributes": [],
          "private": "eyJzY2hlbWFfdmVyc2lvbiI6IjEifQ==",
          "dependencies": [
            "module.vsphere-cdo-sdc.data.vsphere_datacenter.datacenter"
          ]
        }
      ]
    },
    {
      "module": "module.vsphere-cdo-sdc",
      "mode": "managed",
      "type": "vsphere_virtual_machine",
      "name": "sdc_vm",
      "provider": "provider[\"registry.terraform.io/hashicorp/vsphere\"]",
      "instances": [
        {
          "schema_version": 3,
          "attributes": {
            "alternate_guest_name": "",
            "annotation": "",
            "boot_delay": 0,
            "boot_retry_delay": 10000,
            "boot_retry_enabled": false,
            "cdrom": [
              {
                "client_device": true,
                "datastore_id": "",
                "device_address": "ide:0:0",
                "key": 3000,
                "path": ""
              }
            ],
            "change_version": "2023-09-08T12:44:05.224593Z",
            "clone": [
              {
                "customize": [],
                "linked_clone": false,
                "ovf_network_map": null,
                "ovf_storage_map": null,
                "template_uuid": "7dbb0756-24ba-40fb-a7b2-571bb4d81f3f",
                "timeout": 30
              }
            ],
            "cpu_hot_add_enabled": false,
            "cpu_hot_remove_enabled": false,
            "cpu_limit": -1,
            "cpu_performance_counters_enabled": false,
            "cpu_reservation": 0,
            "cpu_share_count": 2000,
            "cpu_share_level": "normal",
            "custom_attributes": null,
            "datacenter_id": null,
            "datastore_cluster_id": null,
            "datastore_id": "datastore-1095",
            "default_ip_address": "10.10.5.217",
            "disk": [
              {
                "attach": false,
                "controller_type": "scsi",
                "datastore_id": "datastore-1095",
                "device_address": "scsi:0:0",
                "disk_mode": "persistent",
                "disk_sharing": "sharingNone",
                "eagerly_scrub": false,
                "io_limit": -1,
                "io_reservation": 0,
                "io_share_count": 1000,
                "io_share_level": "normal",
                "keep_on_remove": false,
                "key": 2000,
                "label": "disk0",
                "path": "lockhart-ops-sdc/lockhart-ops-sdc.vmdk",
                "size": 64,
                "storage_policy_id": "",
                "thin_provisioned": true,
                "unit_number": 0,
                "uuid": "6000C29f-c1b8-a8ec-592a-b822370884d8",
                "write_through": false
              }
            ],
            "efi_secure_boot_enabled": false,
            "enable_disk_uuid": false,
            "enable_logging": false,
            "ept_rvi_mode": "automatic",
            "extra_config": null,
            "extra_config_reboot_required": true,
            "firmware": "bios",
            "folder": "cdo-tenant-lockhart-ops",
            "force_power_off": true,
            "guest_id": "otherGuest",
            "guest_ip_addresses": [
              "10.10.5.217",
              "fe80::250:56ff:fe85:a9df"
            ],
            "hardware_version": 9,
            "host_system_id": "host-7392",
            "hv_mode": "hvAuto",
            "id": "4205fd88-64f0-ece6-a95f-dfce4bc9bf39",
            "ide_controller_count": 2,
            "ignored_guest_ips": null,
            "imported": null,
            "latency_sensitivity": "normal",
            "memory": 4096,
            "memory_hot_add_enabled": false,
            "memory_limit": -1,
            "memory_reservation": 0,
            "memory_share_count": 40960,
            "memory_share_level": "normal",
            "migrate_wait_timeout": 30,
            "moid": "vm-14415",
            "name": "lockhart-ops-sdc",
            "nested_hv_enabled": false,
            "network_interface": [
              {
                "adapter_type": "vmxnet3",
                "bandwidth_limit": -1,
                "bandwidth_reservation": 0,
                "bandwidth_share_count": 50,
                "bandwidth_share_level": "normal",
                "device_address": "pci:0:7",
                "key": 4000,
                "mac_address": "00:50:56:85:a9:df",
                "network_id": "dvportgroup-68",
                "ovf_mapping": "",
                "use_static_mac": false
              }
            ],
            "num_cores_per_socket": 1,
            "num_cpus": 2,
            "ovf_deploy": [],
            "pci_device_id": null,
            "power_state": "on",
            "poweron_timeout": 300,
            "reboot_required": false,
            "replace_trigger": null,
            "resource_pool_id": "resgroup-7385",
            "run_tools_scripts_after_power_on": true,
            "run_tools_scripts_after_resume": true,
            "run_tools_scripts_before_guest_reboot": false,
            "run_tools_scripts_before_guest_shutdown": true,
            "run_tools_scripts_before_guest_standby": true,
            "sata_controller_count": 0,
            "scsi_bus_sharing": "noSharing",
            "scsi_controller_count": 1,
            "scsi_type": "pvscsi",
            "shutdown_wait_timeout": 3,
            "storage_policy_id": "",
            "swap_placement_policy": "inherit",
            "sync_time_with_host": false,
            "sync_time_with_host_periodically": false,
            "tags": null,
            "tools_upgrade_policy": "manual",
            "uuid": "4205fd88-64f0-ece6-a95f-dfce4bc9bf39",
            "vapp": [
              {
                "properties": {
                  "CDO_BOOTSTRAP_DATA": "Q0RPX1RPS0VOPSJleUpoYkdjaU9pSlNVekkxTmlJc0luUjVjQ0k2SWtwWFZDSjkuZXlKMlpYSWlPaUl3SWl3aWMyTnZjR1VpT2xzaWRISjFjM1FpTENKeVpXRmtJaXdpZDNKcGRHVWlMQ0prTmpaaE1ERTJPUzFqTnpabExUUTVaREl0WVRFME15MHpZV05sWkRBNFlqVXpNREVpWFN3aWNtOXNaWE1pT2xzaVVrOU1SVjlUVlZCRlVsOUJSRTFKVGlKZExDSmhiWElpT201MWJHd3NJbWx6Y3lJNkltbDBaQ0lzSW1Oc2RYTjBaWEpKWkNJNklqRWlMQ0pwWkNJNklqY3pNalppTXpRMkxXSTNZbU10TkRNeU1DMDRNemd4TFRGbU5EUXhOekppWlRjeVpTSXNJbk4xWW1wbFkzUlVlWEJsSWpvaWRYTmxjaUlzSW1wMGFTSTZJalJqTkRFNU9XVmpMVEZpTVRFdE5EaGlOaTFoTldReExUQTNOek01Tm1NNFpXSTBNQ0lzSW5CaGNtVnVkRWxrSWpvaVpEWTJZVEF4TmprdFl6YzJaUzAwT1dReUxXRXhORE10TTJGalpXUXdPR0kxTXpBeElpd2lZMnhwWlc1MFgybGtJam9pWVhCcExXTnNhV1Z1ZENKOS5KZ3NJT2VXOGpYTEhpREl4dm5CS3JiclpxQlZHQzZkWmY3VGJZeU9YXzYxck05S3h0eng3U2ZtTUNBaTJSLXRBOE45NDdaalBzaXE5VVNkSUlDTHpHaVV5aEI0dllFeW92LUdrS3E4dFVYNFN4Y2gxOVhEZTd4MUJOTmVReWRWSGR4MEltem1LUkRfSHpvZHVuUHJMQU1Rb0ctN3JYS1NvcHFfcGE2NGRNLS1NZHNxTHA0NkJnUC1EOFgxUDBwUXY5ZzZ3LUZ4aVBEaFNXVmpiU0JSSHlKc0habEROY0tfZ0JlVXFZUlR2MGJISU51UHJhR0lTS1VTMVgteWU1Q3RzX3lmZTZRd3lSTG1IMlN0YTdDeVRPQ3FSXzVUWHY3eW1nVlh6a3BvM1JrQUZHZnhZc212ZVpoV0phNFF5LUdQQjZ5YTRrZ0Z5LVpmOG52NER6UVBFM2ciCkNET19ET01BSU49Ind3dy5kZWZlbnNlb3JjaGVzdHJhdG9yLmV1IgpDRE9fVEVOQU5UPSJsb2NraGFydC1vcHMiCkNET19CT09UU1RSQVBfVVJMPSJodHRwczovL3d3dy5kZWZlbnNlb3JjaGVzdHJhdG9yLmV1L3NkYy9ib290c3RyYXAvbG9ja2hhcnQtb3BzL3NkYy1pbi12c3BoZXJlIgo=",
                  "DNS_SERVER": "208.67.222.222",
                  "GATEWAY": "10.10.5.193",
                  "IP_ADDRESS_CIDR": "10.10.5.217",
                  "NTP_SERVER": "ntp.ubuntu.com"
                }
              }
            ],
            "vapp_transport": [
              "iso"
            ],
            "vbs_enabled": false,
            "vmware_tools_status": "guestToolsRunning",
            "vmx_path": "lockhart-ops-sdc/lockhart-ops-sdc.vmx",
            "vvtd_enabled": false,
            "wait_for_guest_ip_timeout": 0,
            "wait_for_guest_net_routable": true,
            "wait_for_guest_net_timeout": 5
          },
          "sensitive_attributes": [
            [
              {
                "type": "get_attr",
                "value": "vapp"
              },
              {
                "type": "index",
                "value": {
                  "value": 0,
                  "type": "number"
                }
              },
              {
                "type": "get_attr",
                "value": "properties"
              },
              {
                "type": "index",
                "value": {
                  "value": "CDO_BOOTSTRAP_DATA",
                  "type": "string"
                }
              }
            ]
          ],
          "private": "eyJzY2hlbWFfdmVyc2lvbiI6IjMifQ==",
          "dependencies": [
            "cdo_sdc.cdo-sdc-vmware",
            "module.vsphere-cdo-sdc.data.vsphere_datastore.datastore",
            "module.vsphere-cdo-sdc.data.vsphere_network.network",
            "module.vsphere-cdo-sdc.data.vsphere_resource_pool.resource_pool",
            "module.vsphere-cdo-sdc.vsphere_content_library.sdc_content_library",
            "module.vsphere-cdo-sdc.vsphere_content_library_item.sdc_template"
          ]
        }
      ]
    }
  ],
  "check_results": null
}
