{
  "version": 4,
  "terraform_version": "1.3.9",
  "serial": 3,
  "lineage": "1a1bffce-0135-24ec-844e-026dbc15369e",
  "outputs": {},
  "resources": [
    {
      "module": "module.vsphere-cdo-sdc",
      "mode": "data",
      "type": "vsphere_datacenter",
      "name": "datacenter",
      "provider": "provider[\"registry.terraform.io/hashicorp/vsphere\"]",
      "instances": [
        {
          "schema_version": 0,
          "attributes": {
            "id": "datacenter-2",
            "name": "pcloud-datacenter"
          },
          "sensitive_attributes": []
        }
      ]
    },
    {
      "module": "module.vsphere-cdo-sdc",
      "mode": "data",
      "type": "vsphere_datastore",
      "name": "datastore",
      "provider": "provider[\"registry.terraform.io/hashicorp/vsphere\"]",
      "instances": [
        {
          "schema_version": 0,
          "attributes": {
            "datacenter_id": "datacenter-2",
            "id": "datastore-1095",
            "name": "n73c01nas004-lun0"
          },
          "sensitive_attributes": []
        }
      ]
    },
    {
      "module": "module.vsphere-cdo-sdc",
      "mode": "data",
      "type": "vsphere_host",
      "name": "host",
      "provider": "provider[\"registry.terraform.io/hashicorp/vsphere\"]",
      "instances": [
        {
          "schema_version": 0,
          "attributes": {
            "datacenter_id": "datacenter-2",
            "id": "host-1607",
            "name": "u73c01p05esx01.cisco.com",
            "resource_pool_id": "resgroup-8"
          },
          "sensitive_attributes": []
        }
      ]
    },
    {
      "module": "module.vsphere-cdo-sdc",
      "mode": "data",
      "type": "vsphere_network",
      "name": "network",
      "provider": "provider[\"registry.terraform.io/hashicorp/vsphere\"]",
      "instances": [
        {
          "schema_version": 0,
          "attributes": {
            "datacenter_id": "datacenter-2",
            "distributed_virtual_switch_uuid": null,
            "id": "dvportgroup-68",
            "name": "u73c01p05-1547",
            "type": "DistributedVirtualPortgroup"
          },
          "sensitive_attributes": []
        }
      ]
    },
    {
      "module": "module.vsphere-cdo-sdc",
      "mode": "data",
      "type": "vsphere_resource_pool",
      "name": "resource_pool",
      "provider": "provider[\"registry.terraform.io/hashicorp/vsphere\"]",
      "instances": [
        {
          "schema_version": 0,
          "attributes": {
            "datacenter_id": "datacenter-2",
            "id": "resgroup-7385",
            "name": "virtual-machines"
          },
          "sensitive_attributes": []
        }
      ]
    },
    {
      "module": "module.vsphere-cdo-sdc",
      "mode": "managed",
      "type": "vsphere_content_library",
      "name": "sdc_content_library",
      "provider": "provider[\"registry.terraform.io/hashicorp/vsphere\"]",
      "instances": [
        {
          "index_key": 0,
          "schema_version": 0,
          "attributes": {
            "description": "Content library to hold SDC OVAs for CDO tenant tf-managed-starks",
            "id": "02fda8ce-6026-4dce-af3f-25287be318b0",
            "name": "tf-managed-starks-content-library",
            "publication": [
              {
                "authentication_method": "NONE",
                "password": "",
                "publish_url": "",
                "published": false,
                "username": ""
              }
            ],
            "storage_backing": [
              "datastore-1095"
            ],
            "subscription": []
          },
          "sensitive_attributes": [],
          "private": "bnVsbA==",
          "dependencies": [
            "module.vsphere-cdo-sdc.data.vsphere_datastore.datastore"
          ]
        }
      ]
    },
    {
      "module": "module.vsphere-cdo-sdc",
      "mode": "managed",
      "type": "vsphere_content_library_item",
      "name": "sdc_template",
      "provider": "provider[\"registry.terraform.io/hashicorp/vsphere\"]",
      "instances": []
    },
    {
      "module": "module.vsphere-cdo-sdc",
      "mode": "managed",
      "type": "vsphere_virtual_machine",
      "name": "sdc_vm",
      "provider": "provider[\"registry.terraform.io/hashicorp/vsphere\"]",
      "instances": []
    }
  ],
  "check_results": null
}
