{
  "version": 4,
  "terraform_version": "1.3.9",
  "serial": 7,
  "lineage": "1a1bffce-0135-24ec-844e-026dbc15369e",
  "outputs": {},
  "resources": [
    {
      "mode": "managed",
      "type": "cdo_sdc",
      "name": "cdo-sdc-vmware",
      "provider": "provider[\"registry.terraform.io/ciscodevnet/cdo\"]",
      "instances": [
        {
          "schema_version": 0,
          "attributes": {
            "bootstrap_data": "Q0RPX1RPS0VOPSJleUpoYkdjaU9pSlNVekkxTmlJc0luUjVjQ0k2SWtwWFZDSjkuZXlKMlpYSWlPaUl3SWl3aWMyTnZjR1VpT2xzaWRISjFjM1FpTENKeVpXRmtJaXdpZDNKcGRHVWlMQ0prTmpaaE1ERTJPUzFqTnpabExUUTVaREl0WVRFME15MHpZV05sWkRBNFlqVXpNREVpWFN3aWNtOXNaWE1pT2xzaVVrOU1SVjlUVlZCRlVsOUJSRTFKVGlKZExDSmhiWElpT201MWJHd3NJbWx6Y3lJNkltbDBaQ0lzSW1Oc2RYTjBaWEpKWkNJNklqRWlMQ0pwWkNJNklqY3pNalppTXpRMkxXSTNZbU10TkRNeU1DMDRNemd4TFRGbU5EUXhOekppWlRjeVpTSXNJbk4xWW1wbFkzUlVlWEJsSWpvaWRYTmxjaUlzSW1wMGFTSTZJalJqTkRFNU9XVmpMVEZpTVRFdE5EaGlOaTFoTldReExUQTNOek01Tm1NNFpXSTBNQ0lzSW5CaGNtVnVkRWxrSWpvaVpEWTJZVEF4TmprdFl6YzJaUzAwT1dReUxXRXhORE10TTJGalpXUXdPR0kxTXpBeElpd2lZMnhwWlc1MFgybGtJam9pWVhCcExXTnNhV1Z1ZENKOS5KZ3NJT2VXOGpYTEhpREl4dm5CS3JiclpxQlZHQzZkWmY3VGJZeU9YXzYxck05S3h0eng3U2ZtTUNBaTJSLXRBOE45NDdaalBzaXE5VVNkSUlDTHpHaVV5aEI0dllFeW92LUdrS3E4dFVYNFN4Y2gxOVhEZTd4MUJOTmVReWRWSGR4MEltem1LUkRfSHpvZHVuUHJMQU1Rb0ctN3JYS1NvcHFfcGE2NGRNLS1NZHNxTHA0NkJnUC1EOFgxUDBwUXY5ZzZ3LUZ4aVBEaFNXVmpiU0JSSHlKc0habEROY0tfZ0JlVXFZUlR2MGJISU51UHJhR0lTS1VTMVgteWU1Q3RzX3lmZTZRd3lSTG1IMlN0YTdDeVRPQ3FSXzVUWHY3eW1nVlh6a3BvM1JrQUZHZnhZc212ZVpoV0phNFF5LUdQQjZ5YTRrZ0Z5LVpmOG52NER6UVBFM2ciCkNET19ET01BSU49Ind3dy5kZWZlbnNlb3JjaGVzdHJhdG9yLmV1IgpDRE9fVEVOQU5UPSJsb2NraGFydC1vcHMiCkNET19CT09UU1RSQVBfVVJMPSJodHRwczovL3d3dy5kZWZlbnNlb3JjaGVzdHJhdG9yLmV1L3NkYy9ib290c3RyYXAvbG9ja2hhcnQtb3BzL3NkYy1pbi12c3BoZXJlIgo=",
            "id": "63799278-8f47-4530-bdab-e685c003b304",
            "name": "sdc-in-vsphere"
          },
          "sensitive_attributes": []
        }
      ]
    },
    {
      "module": "module.vsphere-cdo-sdc",
      "mode": "data",
      "type": "vsphere_datacenter",
      "name": "datacenter",
      "provider": "provider[\"registry.terraform.io/hashicorp/vsphere\"]",
      "instances": [
        {
          "schema_version": 0,
          "attributes": {
            "id": "datacenter-2",
            "name": "pcloud-datacenter"
          },
          "sensitive_attributes": []
        }
      ]
    },
    {
      "module": "module.vsphere-cdo-sdc",
      "mode": "data",
      "type": "vsphere_datastore",
      "name": "datastore",
      "provider": "provider[\"registry.terraform.io/hashicorp/vsphere\"]",
      "instances": [
        {
          "schema_version": 0,
          "attributes": {
            "datacenter_id": "datacenter-2",
            "id": "datastore-1095",
            "name": "n73c01nas004-lun0"
          },
          "sensitive_attributes": []
        }
      ]
    },
    {
      "module": "module.vsphere-cdo-sdc",
      "mode": "data",
      "type": "vsphere_host",
      "name": "host",
      "provider": "provider[\"registry.terraform.io/hashicorp/vsphere\"]",
      "instances": [
        {
          "schema_version": 0,
          "attributes": {
            "datacenter_id": "datacenter-2",
            "id": "host-1607",
            "name": "u73c01p05esx01.cisco.com",
            "resource_pool_id": "resgroup-8"
          },
          "sensitive_attributes": []
        }
      ]
    },
    {
      "module": "module.vsphere-cdo-sdc",
      "mode": "data",
      "type": "vsphere_network",
      "name": "network",
      "provider": "provider[\"registry.terraform.io/hashicorp/vsphere\"]",
      "instances": [
        {
          "schema_version": 0,
          "attributes": {
            "datacenter_id": "datacenter-2",
            "distributed_virtual_switch_uuid": null,
            "id": "dvportgroup-68",
            "name": "u73c01p05-1547",
            "type": "DistributedVirtualPortgroup"
          },
          "sensitive_attributes": []
        }
      ]
    },
    {
      "module": "module.vsphere-cdo-sdc",
      "mode": "data",
      "type": "vsphere_resource_pool",
      "name": "resource_pool",
      "provider": "provider[\"registry.terraform.io/hashicorp/vsphere\"]",
      "instances": [
        {
          "schema_version": 0,
          "attributes": {
            "datacenter_id": "datacenter-2",
            "id": "resgroup-7385",
            "name": "virtual-machines"
          },
          "sensitive_attributes": []
        }
      ]
    },
    {
      "module": "module.vsphere-cdo-sdc",
      "mode": "managed",
      "type": "vsphere_content_library",
      "name": "sdc_content_library",
      "provider": "provider[\"registry.terraform.io/hashicorp/vsphere\"]",
      "instances": [
        {
          "index_key": 0,
          "schema_version": 0,
          "attributes": {
            "description": "Content library to hold SDC OVAs for CDO tenant lockhart-ops",
            "id": "9a1ee5bf-069f-4609-a6be-4e161df126cc",
            "name": "lockhart-ops-content-library",
            "publication": [
              {
                "authentication_method": "NONE",
                "password": "",
                "publish_url": "",
                "published": false,
                "username": ""
              }
            ],
            "storage_backing": [
              "datastore-1095"
            ],
            "subscription": []
          },
          "sensitive_attributes": [],
          "private": "bnVsbA==",
          "dependencies": [
            "module.vsphere-cdo-sdc.data.vsphere_datastore.datastore"
          ]
        }
      ]
    },
    {
      "module": "module.vsphere-cdo-sdc",
      "mode": "managed",
      "type": "vsphere_content_library_item",
      "name": "sdc_template",
      "provider": "provider[\"registry.terraform.io/hashicorp/vsphere\"]",
      "instances": []
    },
    {
      "module": "module.vsphere-cdo-sdc",
      "mode": "managed",
      "type": "vsphere_folder",
      "name": "sdc_folder",
      "provider": "provider[\"registry.terraform.io/hashicorp/vsphere\"]",
      "instances": [
        {
          "schema_version": 1,
          "attributes": {
            "custom_attributes": null,
            "datacenter_id": "datacenter-2",
            "id": "group-v14414",
            "path": "cdo-tenant-lockhart-ops",
            "tags": null,
            "type": "vm"
          },
          "sensitive_attributes": [],
          "private": "eyJzY2hlbWFfdmVyc2lvbiI6IjEifQ==",
          "dependencies": [
            "module.vsphere-cdo-sdc.data.vsphere_datacenter.datacenter"
          ]
        }
      ]
    },
    {
      "module": "module.vsphere-cdo-sdc",
      "mode": "managed",
      "type": "vsphere_virtual_machine",
      "name": "sdc_vm",
      "provider": "provider[\"registry.terraform.io/hashicorp/vsphere\"]",
      "instances": []
    }
  ],
  "check_results": null
}
